
Microsoft Visual Studio Solution File, Format Version 12.00
# Visual Studio Version 16
VisualStudioVersion = 16.0.31729.503
MinimumVisualStudioVersion = 10.0.40219.1
Project("{FAE04EC0-301F-11D3-BF4B-00C04F79EFBC}") = "tiktk", "tiktk.csproj", "{F5D134D1-FE78-42F7-B6CB-19667D9E55A6}"
EndProject
Global
	GlobalSection(SolutionConfigurationPlatforms) = preSolution
		Debug|Any CPU = Debug|Any CPU
		Release|Any CPU = Release|Any CPU
	EndGlobalSection
	GlobalSection(ProjectConfigurationPlatforms) = postSolution
		{F5D134D1-FE78-42F7-B6CB-19667D9E55A6}.Debug|Any CPU.ActiveCfg = Debug|Any CPU
		{F5D134D1-FE78-42F7-B6CB-19667D9E55A6}.Debug|Any CPU.Build.0 = Debug|Any CPU
		{F5D134D1-FE78-42F7-B6CB-19667D9E55A6}.Release|Any CPU.ActiveCfg = Release|Any CPU
		{F5D134D1-FE78-42F7-B6CB-19667D9E55A6}.Release|Any CPU.Build.0 = Release|Any CPU
	EndGlobalSection
	GlobalSection(SolutionProperties) = preSolution
		HideSolutionNode = FALSE
	EndGlobalSection
	GlobalSection(ExtensibilityGlobals) = postSolution
		SolutionGuid = {18FF36BB-EA2A-41BB-86C1-8E4DFCE828C3}
	EndGlobalSection
EndGlobal
